
Microsoft Visual Studio Solution File, Format Version 12.00
# Visual Studio Version 16
VisualStudioVersion = 16.0.30621.155
MinimumVisualStudioVersion = 10.0.40219.1
Project("{9A19103F-16F7-4668-BE54-9A1E7A4F7556}") = "WebApplication2", "WebApplication2\WebApplication2.csproj", "{A5CF8C5F-3F39-40EA-94AB-02F184C3E57B}"
EndProject
Project("{FAE04EC0-301F-11D3-BF4B-00C04F79EFBC}") = "XUnitTestProject1", "XUnitTestProject1\XUnitTestProject1.csproj", "{6D3DC823-DF6D-4A13-A5D9-71A200878152}"
EndProject
Global
	GlobalSection(SolutionConfigurationPlatforms) = preSolution
		Debug|Any CPU = Debug|Any CPU
		Release|Any CPU = Release|Any CPU
	EndGlobalSection
	GlobalSection(ProjectConfigurationPlatforms) = postSolution
		{A5CF8C5F-3F39-40EA-94AB-02F184C3E57B}.Debug|Any CPU.ActiveCfg = Debug|Any CPU
		{A5CF8C5F-3F39-40EA-94AB-02F184C3E57B}.Debug|Any CPU.Build.0 = Debug|Any CPU
		{A5CF8C5F-3F39-40EA-94AB-02F184C3E57B}.Release|Any CPU.ActiveCfg = Release|Any CPU
		{A5CF8C5F-3F39-40EA-94AB-02F184C3E57B}.Release|Any CPU.Build.0 = Release|Any CPU
		{6D3DC823-DF6D-4A13-A5D9-71A200878152}.Debug|Any CPU.ActiveCfg = Debug|Any CPU
		{6D3DC823-DF6D-4A13-A5D9-71A200878152}.Debug|Any CPU.Build.0 = Debug|Any CPU
		{6D3DC823-DF6D-4A13-A5D9-71A200878152}.Release|Any CPU.ActiveCfg = Release|Any CPU
		{6D3DC823-DF6D-4A13-A5D9-71A200878152}.Release|Any CPU.Build.0 = Release|Any CPU
	EndGlobalSection
	GlobalSection(SolutionProperties) = preSolution
		HideSolutionNode = FALSE
	EndGlobalSection
	GlobalSection(ExtensibilityGlobals) = postSolution
		SolutionGuid = {B287DA19-918E-4F07-8BCF-73F6AA52379B}
	EndGlobalSection
EndGlobal
